
Microsoft Visual Studio Solution File, Format Version 12.00
# Visual Studio Version 16
VisualStudioVersion = 16.0.30503.244
MinimumVisualStudioVersion = 10.0.40219.1
Project("{FAE04EC0-301F-11D3-BF4B-00C04F79EFBC}") = "EsepteStores", "EsepteStores\EsepteStores.csproj", "{A7B7099B-4BC5-4B37-AA39-9FA69CD82F84}"
EndProject
Global
	GlobalSection(SolutionConfigurationPlatforms) = preSolution
		Debug|Any CPU = Debug|Any CPU
		Release|Any CPU = Release|Any CPU
	EndGlobalSection
	GlobalSection(ProjectConfigurationPlatforms) = postSolution
		{A7B7099B-4BC5-4B37-AA39-9FA69CD82F84}.Debug|Any CPU.ActiveCfg = Debug|Any CPU
		{A7B7099B-4BC5-4B37-AA39-9FA69CD82F84}.Debug|Any CPU.Build.0 = Debug|Any CPU
		{A7B7099B-4BC5-4B37-AA39-9FA69CD82F84}.Release|Any CPU.ActiveCfg = Release|Any CPU
		{A7B7099B-4BC5-4B37-AA39-9FA69CD82F84}.Release|Any CPU.Build.0 = Release|Any CPU
	EndGlobalSection
	GlobalSection(SolutionProperties) = preSolution
		HideSolutionNode = FALSE
	EndGlobalSection
	GlobalSection(ExtensibilityGlobals) = postSolution
		SolutionGuid = {26A296E9-E9C9-4C09-9146-E5DF0B8A93AA}
	EndGlobalSection
EndGlobal
